lockfileVersion: 5.4

importers:

  .:
    specifiers:
      '@types/node': ^17.0.41
      typescript: ^4.7.3
    dependencies:
      '@types/node': 17.0.41
      typescript: 4.7.3

  examples/basic:
    specifiers:
      '@nzha/ntsc': 'workspace: *'
    dependencies:
      '@nzha/ntsc': link:../../packages/core

  packages/core:
    specifiers:
      '@swc/core': ^1.2.197
      '@types/node': ^17.0.41
      cac: ^6.7.12
      consola: ^2.15.3
      deepmerge: ^4.2.2
      fs-extra: ^10.1.0
      globby: ^13.1.1
      picocolors: ^1.0.0
      rollup: ^2.75.6
    dependencies:
      '@swc/core': 1.2.197
      cac: 6.7.12
      consola: 2.15.3
      deepmerge: 4.2.2
      fs-extra: 10.1.0
      globby: 13.1.1
      picocolors: 1.0.0
    devDependencies:
      '@types/node': 17.0.41
      rollup: 2.75.6

packages:

  /@nodelib/fs.scandir/2.1.5:
    resolution: {integrity: sha512-vq24Bq3ym5HEQm2NKCr3yXDwjc7vTsEThRDnkp2DK9p1uqLR+DHurm/NOTo0KG7HYHU7eppKZj3MyqYuMBf62g==}
    engines: {node: '>= 8'}
    dependencies:
      '@nodelib/fs.stat': 2.0.5
      run-parallel: 1.2.0
    dev: false

  /@nodelib/fs.stat/2.0.5:
    resolution: {integrity: sha512-RkhPPp2zrqDAQA/2jNhnztcPAlv64XdhIp7a7454A5ovI7Bukxgt7MX7udwAu3zg1DcpPU0rz3VV1SeaqvY4+A==}
    engines: {node: '>= 8'}
    dev: false

  /@nodelib/fs.walk/1.2.8:
    resolution: {integrity: sha512-oGB+UxlgWcgQkgwo8GcEGwemoTFt3FIO9ababBmaGwXIoBKZ+GTy0pP185beGg7Llih/NSHSV2XAs1lnznocSg==}
    engines: {node: '>= 8'}
    dependencies:
      '@nodelib/fs.scandir': 2.1.5
      fastq: 1.13.0
    dev: false

  /@swc/core-android-arm-eabi/1.2.197:
    resolution: {integrity: sha512-BNIexULLlBCU7jIbXA/+BpMUwraFbyifPkOlyC8MriyoR7wfW5cau56yOUztxrr7VdxcByMK+nO70WkVydUV3w==}
    engines: {node: '>=10'}
    cpu: [arm]
    os: [android]
    requiresBuild: true
    dev: false
    optional: true

  /@swc/core-android-arm64/1.2.197:
    resolution: {integrity: sha512-H1AJfQkojk+INurBwiHJf4iRpRwTI2I43TWUVbxXCyfAc9K9hfKNJFzp5Xapka5nLSgSD2ZNZgseMbfwUcYq6A==}
    engines: {node: '>=10'}
    cpu: [arm64]
    os: [android]
    requiresBuild: true
    dev: false
    optional: true

  /@swc/core-darwin-arm64/1.2.197:
    resolution: {integrity: sha512-JIfXS1HHKKwZlVoKhVTllvD0m0sXiIneaw9TwXtUrHe6K95wJ53q82sqJyqBOWimh9ulCcB2M+XuqK4zDGbosA==}
    engines: {node: '>=10'}
    cpu: [arm64]
    os: [darwin]
    requiresBuild: true
    dev: false
    optional: true

  /@swc/core-darwin-x64/1.2.197:
    resolution: {integrity: sha512-Ml7MXJgrNuSGVNvEbeB1BoWFZ2rPhRBSa7IyvfTMmB/oDEvIKIkWH/5hEYdCy99s8XQ6ufqdMjPVqOFRuRXfig==}
    engines: {node: '>=10'}
    cpu: [x64]
    os: [darwin]
    requiresBuild: true
    dev: false
    optional: true

  /@swc/core-freebsd-x64/1.2.197:
    resolution: {integrity: sha512-Ae6aDvBS/VGAHP3szmampFDzNZ/fOKVAhI1qqQauShzyIqXGL83GZ2zhC1FA94oC5Kora7VHz43DPqUuYRQPtg==}
    engines: {node: '>=10'}
    cpu: [x64]
    os: [freebsd]
    requiresBuild: true
    dev: false
    optional: true

  /@swc/core-linux-arm-gnueabihf/1.2.197:
    resolution: {integrity: sha512-cqIeaBzVVfsCW4CvJdxPwz9EHqnJZ+0K6gfTuHDa6Fp6ThWZtqKQhK4zL4hV3L4nWj7bqbOYKSUbdR79p4v92Q==}
    engines: {node: '>=10'}
    cpu: [arm]
    os: [linux]
    requiresBuild: true
    dev: false
    optional: true

  /@swc/core-linux-arm64-gnu/1.2.197:
    resolution: {integrity: sha512-1HHSnImnLAvuBpiDi7kJwyPEbAfSkLpL5IEMSQas90jDrIrSwgmnPLE5qBJwPasyrT8hJ/3n297tR+SlcudT/Q==}
    engines: {node: '>=10'}
    cpu: [arm64]
    os: [linux]
    requiresBuild: true
    dev: false
    optional: true

  /@swc/core-linux-arm64-musl/1.2.197:
    resolution: {integrity: sha512-C2GTIN5XgN/3zvwZITQnEuBMsPE2gQ5kkFjTFF9sKqG8tNUI8V+FP6AV4h7IkLccT1CgSWM7GCP4LsL2OC2iBA==}
    engines: {node: '>=10'}
    cpu: [arm64]
    os: [linux]
    requiresBuild: true
    dev: false
    optional: true

  /@swc/core-linux-x64-gnu/1.2.197:
    resolution: {integrity: sha512-AHEHo9/u9GIBPUqsCkGWWe6WqGWAk07UklHm0k6Z99Z3OgsDfyDRECMVZGIAgMr1HqPPzsJCP5AmQ6WKZNBrfQ==}
    engines: {node: '>=10'}
    cpu: [x64]
    os: [linux]
    requiresBuild: true
    dev: false
    optional: true

  /@swc/core-linux-x64-musl/1.2.197:
    resolution: {integrity: sha512-ZnawXY/s0YJnUqWZCN91VkPzTcH1hImOzUvwJ8f7uCIIYOLHYdjUa5S6xPVNHqOEanNYaeCq354LxBytYIo83g==}
    engines: {node: '>=10'}
    cpu: [x64]
    os: [linux]
    requiresBuild: true
    dev: false
    optional: true

  /@swc/core-win32-arm64-msvc/1.2.197:
    resolution: {integrity: sha512-jYnc5c2fn2z0oyy8mJkxstc4qxjZnQsf6YmCM32bm4un05MQg+4y4VxWxY7NMCPRaf8zWojcAy1wltuidbIe/A==}
    engines: {node: '>=10'}
    cpu: [arm64]
    os: [win32]
    requiresBuild: true
    dev: false
    optional: true

  /@swc/core-win32-ia32-msvc/1.2.197:
    resolution: {integrity: sha512-l8wa+2brxw8UUCNn65wBtUECVCs3w4WBOiTpT/+rPJF9vYVL7gt2rds73a+yB6rSIhOZqEseazIHi2aQ1S9bxQ==}
    engines: {node: '>=10'}
    cpu: [ia32]
    os: [win32]
    requiresBuild: true
    dev: false
    optional: true

  /@swc/core-win32-x64-msvc/1.2.197:
    resolution: {integrity: sha512-uYf+Zch1rhNK3nAYL9C5a5WjtlffLkRf4Dh1OmuqNGmm7EI+AdwTECZX3cT1iICGb2J3GHUJlfPsNdllG8L9qA==}
    engines: {node: '>=10'}
    cpu: [x64]
    os: [win32]
    requiresBuild: true
    dev: false
    optional: true

  /@swc/core/1.2.197:
    resolution: {integrity: sha512-W7gUaNCrm4i26ZUMilPZjHiQck8mOMfOuZuXj1YrISMR20orACgEHz4kJHbqfXzHhqeS4CGwBkzi9h1lHrwKtw==}
    engines: {node: '>=10'}
    hasBin: true
    optionalDependencies:
      '@swc/core-android-arm-eabi': 1.2.197
      '@swc/core-android-arm64': 1.2.197
      '@swc/core-darwin-arm64': 1.2.197
      '@swc/core-darwin-x64': 1.2.197
      '@swc/core-freebsd-x64': 1.2.197
      '@swc/core-linux-arm-gnueabihf': 1.2.197
      '@swc/core-linux-arm64-gnu': 1.2.197
      '@swc/core-linux-arm64-musl': 1.2.197
      '@swc/core-linux-x64-gnu': 1.2.197
      '@swc/core-linux-x64-musl': 1.2.197
      '@swc/core-win32-arm64-msvc': 1.2.197
      '@swc/core-win32-ia32-msvc': 1.2.197
      '@swc/core-win32-x64-msvc': 1.2.197
    dev: false

  /@types/node/17.0.41:
    resolution: {integrity: sha512-xA6drNNeqb5YyV5fO3OAEsnXLfO7uF0whiOfPTz5AeDo8KeZFmODKnvwPymMNO8qE/an8pVY/O50tig2SQCrGw==}

  /braces/3.0.2:
    resolution: {integrity: sha512-b8um+L1RzM3WDSzvhm6gIz1yfTbBt6YTlcEKAvsmqCZZFw46z626lVj9j1yEPW33H5H+lBQpZMP1k8l+78Ha0A==}
    engines: {node: '>=8'}
    dependencies:
      fill-range: 7.0.1
    dev: false

  /cac/6.7.12:
    resolution: {integrity: sha512-rM7E2ygtMkJqD9c7WnFU6fruFcN3xe4FM5yUmgxhZzIKJk4uHl9U/fhwdajGFQbQuv43FAUo1Fe8gX/oIKDeSA==}
    engines: {node: '>=8'}
    dev: false

  /consola/2.15.3:
    resolution: {integrity: sha512-9vAdYbHj6x2fLKC4+oPH0kFzY/orMZyG2Aj+kNylHxKGJ/Ed4dpNyAQYwJOdqO4zdM7XpVHmyejQDcQHrnuXbw==}
    dev: false

  /deepmerge/4.2.2:
    resolution: {integrity: sha512-FJ3UgI4gIl+PHZm53knsuSFpE+nESMr7M4v9QcgB7S63Kj/6WqMiFQJpBBYz1Pt+66bZpP3Q7Lye0Oo9MPKEdg==}
    engines: {node: '>=0.10.0'}
    dev: false

  /dir-glob/3.0.1:
    resolution: {integrity: sha512-WkrWp9GR4KXfKGYzOLmTuGVi1UWFfws377n9cc55/tb6DuqyF6pcQ5AbiHEshaDpY9v6oaSr2XCDidGmMwdzIA==}
    engines: {node: '>=8'}
    dependencies:
      path-type: 4.0.0
    dev: false

  /fast-glob/3.2.11:
    resolution: {integrity: sha512-xrO3+1bxSo3ZVHAnqzyuewYT6aMFHRAd4Kcs92MAonjwQZLsK9d0SF1IyQ3k5PoirxTW0Oe/RqFgMQ6TcNE5Ew==}
    engines: {node: '>=8.6.0'}
    dependencies:
      '@nodelib/fs.stat': 2.0.5
      '@nodelib/fs.walk': 1.2.8
      glob-parent: 5.1.2
      merge2: 1.4.1
      micromatch: 4.0.5
    dev: false

  /fastq/1.13.0:
    resolution: {integrity: sha512-YpkpUnK8od0o1hmeSc7UUs/eB/vIPWJYjKck2QKIzAf71Vm1AAQ3EbuZB3g2JIy+pg+ERD0vqI79KyZiB2e2Nw==}
    dependencies:
      reusify: 1.0.4
    dev: false

  /fill-range/7.0.1:
    resolution: {integrity: sha512-qOo9F+dMUmC2Lcb4BbVvnKJxTPjCm+RRpe4gDuGrzkL7mEVl/djYSu2OdQ2Pa302N4oqkSg9ir6jaLWJ2USVpQ==}
    engines: {node: '>=8'}
    dependencies:
      to-regex-range: 5.0.1
    dev: false

  /fs-extra/10.1.0:
    resolution: {integrity: sha512-oRXApq54ETRj4eMiFzGnHWGy+zo5raudjuxN0b8H7s/RU2oW0Wvsx9O0ACRN/kRq9E8Vu/ReskGB5o3ji+FzHQ==}
    engines: {node: '>=12'}
    dependencies:
      graceful-fs: 4.2.10
      jsonfile: 6.1.0
      universalify: 2.0.0
    dev: false

  /fsevents/2.3.2:
    resolution: {integrity: sha512-xiqMQR4xAeHTuB9uWm+fFRcIOgKBMiOBP+eXiyT7jsgVCq1bkVygt00oASowB7EdtpOHaaPgKt812P9ab+DDKA==}
    engines: {node: ^8.16.0 || ^10.6.0 || >=11.0.0}
    os: [darwin]
    requiresBuild: true
    dev: true
    optional: true

  /glob-parent/5.1.2:
    resolution: {integrity: sha512-AOIgSQCepiJYwP3ARnGx+5VnTu2HBYdzbGP45eLw1vr3zB3vZLeyed1sC9hnbcOc9/SrMyM5RPQrkGz4aS9Zow==}
    engines: {node: '>= 6'}
    dependencies:
      is-glob: 4.0.3
    dev: false

  /globby/13.1.1:
    resolution: {integrity: sha512-XMzoDZbGZ37tufiv7g0N4F/zp3zkwdFtVbV3EHsVl1KQr4RPLfNoT068/97RPshz2J5xYNEjLKKBKaGHifBd3Q==}
    engines: {node: ^12.20.0 || ^14.13.1 || >=16.0.0}
    dependencies:
      dir-glob: 3.0.1
      fast-glob: 3.2.11
      ignore: 5.2.0
      merge2: 1.4.1
      slash: 4.0.0
    dev: false

  /graceful-fs/4.2.10:
    resolution: {integrity: sha512-9ByhssR2fPVsNZj478qUUbKfmL0+t5BDVyjShtyZZLiK7ZDAArFFfopyOTj0M05wE2tJPisA4iTnnXl2YoPvOA==}
    dev: false

  /ignore/5.2.0:
    resolution: {integrity: sha512-CmxgYGiEPCLhfLnpPp1MoRmifwEIOgjcHXxOBjv7mY96c+eWScsOP9c112ZyLdWHi0FxHjI+4uVhKYp/gcdRmQ==}
    engines: {node: '>= 4'}
    dev: false

  /is-extglob/2.1.1:
    resolution: {integrity: sha512-SbKbANkN603Vi4jEZv49LeVJMn4yGwsbzZworEoyEiutsN3nJYdbO36zfhGJ6QEDpOZIFkDtnq5JRxmvl3jsoQ==}
    engines: {node: '>=0.10.0'}
    dev: false

  /is-glob/4.0.3:
    resolution: {integrity: sha512-xelSayHH36ZgE7ZWhli7pW34hNbNl8Ojv5KVmkJD4hBdD3th8Tfk9vYasLM+mXWOZhFkgZfxhLSnrwRr4elSSg==}
    engines: {node: '>=0.10.0'}
    dependencies:
      is-extglob: 2.1.1
    dev: false

  /is-number/7.0.0:
    resolution: {integrity: sha512-41Cifkg6e8TylSpdtTpeLVMqvSBEVzTttHvERD741+pnZ8ANv0004MRL43QKPDlK9cGvNp6NZWZUBlbGXYxxng==}
    engines: {node: '>=0.12.0'}
    dev: false

  /jsonfile/6.1.0:
    resolution: {integrity: sha512-5dgndWOriYSm5cnYaJNhalLNDKOqFwyDB/rr1E9ZsGciGvKPs8R2xYGCacuf3z6K1YKDz182fd+fY3cn3pMqXQ==}
    dependencies:
      universalify: 2.0.0
    optionalDependencies:
      graceful-fs: 4.2.10
    dev: false

  /merge2/1.4.1:
    resolution: {integrity: sha512-8q7VEgMJW4J8tcfVPy8g09NcQwZdbwFEqhe/WZkoIzjn/3TGDwtOCYtXGxA3O8tPzpczCCDgv+P2P5y00ZJOOg==}
    engines: {node: '>= 8'}
    dev: false

  /micromatch/4.0.5:
    resolution: {integrity: sha512-DMy+ERcEW2q8Z2Po+WNXuw3c5YaUSFjAO5GsJqfEl7UjvtIuFKO6ZrKvcItdy98dwFI2N1tg3zNIdKaQT+aNdA==}
    engines: {node: '>=8.6'}
    dependencies:
      braces: 3.0.2
      picomatch: 2.3.1
    dev: false

  /path-type/4.0.0:
    resolution: {integrity: sha512-gDKb8aZMDeD/tZWs9P6+q0J9Mwkdl6xMV8TjnGP3qJVJ06bdMgkbBlLU8IdfOsIsFz2BW1rNVT3XuNEl8zPAvw==}
    engines: {node: '>=8'}
    dev: false

  /picocolors/1.0.0:
    resolution: {integrity: sha512-1fygroTLlHu66zi26VoTDv8yRgm0Fccecssto+MhsZ0D/DGW2sm8E8AjW7NU5VVTRt5GxbeZ5qBuJr+HyLYkjQ==}
    dev: false

  /picomatch/2.3.1:
    resolution: {integrity: sha512-JU3teHTNjmE2VCGFzuY8EXzCDVwEqB2a8fsIvwaStHhAWJEeVd1o1QD80CU6+ZdEXXSLbSsuLwJjkCBWqRQUVA==}
    engines: {node: '>=8.6'}
    dev: false

  /queue-microtask/1.2.3:
    resolution: {integrity: sha512-NuaNSa6flKT5JaSYQzJok04JzTL1CA6aGhv5rfLW3PgqA+M2ChpZQnAC8h8i4ZFkBS8X5RqkDBHA7r4hej3K9A==}
    dev: false

  /reusify/1.0.4:
    resolution: {integrity: sha512-U9nH88a3fc/ekCF1l0/UP1IosiuIjyTh7hBvXVMHYgVcfGvt897Xguj2UOLDeI5BG2m7/uwyaLVT6fbtCwTyzw==}
    engines: {iojs: '>=1.0.0', node: '>=0.10.0'}
    dev: false

  /rollup/2.75.6:
    resolution: {integrity: sha512-OEf0TgpC9vU6WGROJIk1JA3LR5vk/yvqlzxqdrE2CzzXnqKXNzbAwlWUXis8RS3ZPe7LAq+YUxsRa0l3r27MLA==}
    engines: {node: '>=10.0.0'}
    hasBin: true
    optionalDependencies:
      fsevents: 2.3.2
    dev: true

  /run-parallel/1.2.0:
    resolution: {integrity: sha512-5l4VyZR86LZ/lDxZTR6jqL8AFE2S0IFLMP26AbjsLVADxHdhB/c0GUsH+y39UfCi3dzz8OlQuPmnaJOMoDHQBA==}
    dependencies:
      queue-microtask: 1.2.3
    dev: false

  /slash/4.0.0:
    resolution: {integrity: sha512-3dOsAHXXUkQTpOYcoAxLIorMTp4gIQr5IW3iVb7A7lFIp0VHhnynm9izx6TssdrIcVIESAlVjtnO2K8bg+Coew==}
    engines: {node: '>=12'}
    dev: false

  /to-regex-range/5.0.1:
    resolution: {integrity: sha512-65P7iz6X5yEr1cwcgvQxbbIw7Uk3gOy5dIdtZ4rDveLqhrdJP+Li/Hx6tyK0NEb+2GCyneCMJiGqrADCSNk8sQ==}
    engines: {node: '>=8.0'}
    dependencies:
      is-number: 7.0.0
    dev: false

  /typescript/4.7.3:
    resolution: {integrity: sha512-WOkT3XYvrpXx4vMMqlD+8R8R37fZkjyLGlxavMc4iB8lrl8L0DeTcHbYgw/v0N/z9wAFsgBhcsF0ruoySS22mA==}
    engines: {node: '>=4.2.0'}
    hasBin: true
    dev: false

  /universalify/2.0.0:
    resolution: {integrity: sha512-hAZsKq7Yy11Zu1DE0OzWjw7nnLZmJZYTDZZyEFHZdUhV8FkH5MCfoU1XMaxXovpyW5nq5scPqq0ZDP9Zyl04oQ==}
    engines: {node: '>= 10.0.0'}
    dev: false
